// !$*UTF8*$!
{
	archiveVersion = 1;
	classes = {
	};
	objectVersion = 48;
	objects = {

/* Begin PBXBuildFile section */
		082250932A36467C73BA2D63 /* Pods_BestPracticeUITests.framework in Frameworks */ = {isa = PBXBuildFile; fileRef = 6E2B0CFF42935D58758F0390 /* Pods_BestPracticeUITests.framework */; };
		1A560D7E1F98854100331C5C /* R.generated.swift in Sources */ = {isa = PBXBuildFile; fileRef = 1A560D7D1F98854100331C5C /* R.generated.swift */; };
		1A560D801F988AA900331C5C /* BPUserDetailViewController.swift in Sources */ = {isa = PBXBuildFile; fileRef = 1A560D7F1F988AA900331C5C /* BPUserDetailViewController.swift */; };
		1A6D22711F95F71F00691A5A /* AppDelegate.swift in Sources */ = {isa = PBXBuildFile; fileRef = 1A6D22701F95F71F00691A5A /* AppDelegate.swift */; };
		1A6D22731F95F71F00691A5A /* BPUserViewController.swift in Sources */ = {isa = PBXBuildFile; fileRef = 1A6D22721F95F71F00691A5A /* BPUserViewController.swift */; };
		1A6D22751F95F71F00691A5A /* SecondViewController.swift in Sources */ = {isa = PBXBuildFile; fileRef = 1A6D22741F95F71F00691A5A /* SecondViewController.swift */; };
		1A6D22781F95F71F00691A5A /* Main.storyboard in Resources */ = {isa = PBXBuildFile; fileRef = 1A6D22761F95F71F00691A5A /* Main.storyboard */; };
		1A6D227A1F95F71F00691A5A /* Assets.xcassets in Resources */ = {isa = PBXBuildFile; fileRef = 1A6D22791F95F71F00691A5A /* Assets.xcassets */; };
		1A6D227D1F95F71F00691A5A /* LaunchScreen.storyboard in Resources */ = {isa = PBXBuildFile; fileRef = 1A6D227B1F95F71F00691A5A /* LaunchScreen.storyboard */; };
		1A6D22881F95F71F00691A5A /* BestPracticeTests.swift in Sources */ = {isa = PBXBuildFile; fileRef = 1A6D22871F95F71F00691A5A /* BestPracticeTests.swift */; };
		1A6D22931F95F71F00691A5A /* BestPracticeUITests.swift in Sources */ = {isa = PBXBuildFile; fileRef = 1A6D22921F95F71F00691A5A /* BestPracticeUITests.swift */; };
		1A6D22A31F960A1A00691A5A /* BPUserTableViewCell.swift in Sources */ = {isa = PBXBuildFile; fileRef = 1A6D22A21F960A1A00691A5A /* BPUserTableViewCell.swift */; };
		1A6D22A61F960FBE00691A5A /* User.swift in Sources */ = {isa = PBXBuildFile; fileRef = 1A6D22A51F960FBE00691A5A /* User.swift */; };
		1A9B34EA1F96FB9000A8F54A /* StoryBoardExtension.swift in Sources */ = {isa = PBXBuildFile; fileRef = 1A9B34E91F96FB9000A8F54A /* StoryBoardExtension.swift */; };
		1A9B34ED1F97361200A8F54A /* BPUserViewModel.swift in Sources */ = {isa = PBXBuildFile; fileRef = 1A9B34EC1F97361200A8F54A /* BPUserViewModel.swift */; };
		1A9B34F11F973F4400A8F54A /* UIViewControllerExtension.swift in Sources */ = {isa = PBXBuildFile; fileRef = 1A9B34F01F973F4400A8F54A /* UIViewControllerExtension.swift */; };
		28FB927B72BB2CDC80CD458C /* Pods_BestPracticeTests.framework in Frameworks */ = {isa = PBXBuildFile; fileRef = 5FFEFF69A71D81576075D325 /* Pods_BestPracticeTests.framework */; };
		6F483E47C53F21D4A7ABAA2A /* Pods_BestPractice.framework in Frameworks */ = {isa = PBXBuildFile; fileRef = ABA7CBD384DB472F07EAC89A /* Pods_BestPractice.framework */; };
/* End PBXBuildFile section */

/* Begin PBXContainerItemProxy section */
		1A6D22841F95F71F00691A5A /* PBXContainerItemProxy */ = {
			isa = PBXContainerItemProxy;
			containerPortal = 1A6D22651F95F71F00691A5A /* Project object */;
			proxyType = 1;
			remoteGlobalIDString = 1A6D226C1F95F71F00691A5A;
			remoteInfo = BestPractice;
		};
		1A6D228F1F95F71F00691A5A /* PBXContainerItemProxy */ = {
			isa = PBXContainerItemProxy;
			containerPortal = 1A6D22651F95F71F00691A5A /* Project object */;
			proxyType = 1;
			remoteGlobalIDString = 1A6D226C1F95F71F00691A5A;
			remoteInfo = BestPractice;
		};
/* End PBXContainerItemProxy section */

/* Begin PBXFileReference section */
		1A560D7D1F98854100331C5C /* R.generated.swift */ = {isa = PBXFileReference; fileEncoding = 4; lastKnownFileType = sourcecode.swift; path = R.generated.swift; sourceTree = SOURCE_ROOT; };
		1A560D7F1F988AA900331C5C /* BPUserDetailViewController.swift */ = {isa = PBXFileReference; lastKnownFileType = sourcecode.swift; path = BPUserDetailViewController.swift; sourceTree = "<group>"; };
		1A6D226D1F95F71F00691A5A /* BestPractice.app */ = {isa = PBXFileReference; explicitFileType = wrapper.application; includeInIndex = 0; path = BestPractice.app; sourceTree = BUILT_PRODUCTS_DIR; };
		1A6D22701F95F71F00691A5A /* AppDelegate.swift */ = {isa = PBXFileReference; lastKnownFileType = sourcecode.swift; path = AppDelegate.swift; sourceTree = "<group>"; };
		1A6D22721F95F71F00691A5A /* BPUserViewController.swift */ = {isa = PBXFileReference; lastKnownFileType = sourcecode.swift; path = BPUserViewController.swift; sourceTree = "<group>"; };
		1A6D22741F95F71F00691A5A /* SecondViewController.swift */ = {isa = PBXFileReference; lastKnownFileType = sourcecode.swift; path = SecondViewController.swift; sourceTree = "<group>"; };
		1A6D22771F95F71F00691A5A /* Base */ = {isa = PBXFileReference; lastKnownFileType = file.storyboard; name = Base; path = Base.lproj/Main.storyboard; sourceTree = "<group>"; };
		1A6D22791F95F71F00691A5A /* Assets.xcassets */ = {isa = PBXFileReference; lastKnownFileType = folder.assetcatalog; path = Assets.xcassets; sourceTree = "<group>"; };
		1A6D227C1F95F71F00691A5A /* Base */ = {isa = PBXFileReference; lastKnownFileType = file.storyboard; name = Base; path = Base.lproj/LaunchScreen.storyboard; sourceTree = "<group>"; };
		1A6D227E1F95F71F00691A5A /* Info.plist */ = {isa = PBXFileReference; lastKnownFileType = text.plist.xml; path = Info.plist; sourceTree = "<group>"; };
		1A6D22831F95F71F00691A5A /* BestPracticeTests.xctest */ = {isa = PBXFileReference; explicitFileType = wrapper.cfbundle; includeInIndex = 0; path = BestPracticeTests.xctest; sourceTree = BUILT_PRODUCTS_DIR; };
		1A6D22871F95F71F00691A5A /* BestPracticeTests.swift */ = {isa = PBXFileReference; lastKnownFileType = sourcecode.swift; path = BestPracticeTests.swift; sourceTree = "<group>"; };
		1A6D22891F95F71F00691A5A /* Info.plist */ = {isa = PBXFileReference; lastKnownFileType = text.plist.xml; path = Info.plist; sourceTree = "<group>"; };
		1A6D228E1F95F71F00691A5A /* BestPracticeUITests.xctest */ = {isa = PBXFileReference; explicitFileType = wrapper.cfbundle; includeInIndex = 0; path = BestPracticeUITests.xctest; sourceTree = BUILT_PRODUCTS_DIR; };
		1A6D22921F95F71F00691A5A /* BestPracticeUITests.swift */ = {isa = PBXFileReference; lastKnownFileType = sourcecode.swift; path = BestPracticeUITests.swift; sourceTree = "<group>"; };
		1A6D22941F95F71F00691A5A /* Info.plist */ = {isa = PBXFileReference; lastKnownFileType = text.plist.xml; path = Info.plist; sourceTree = "<group>"; };
		1A6D22A21F960A1A00691A5A /* BPUserTableViewCell.swift */ = {isa = PBXFileReference; lastKnownFileType = sourcecode.swift; path = BPUserTableViewCell.swift; sourceTree = "<group>"; };
		1A6D22A51F960FBE00691A5A /* User.swift */ = {isa = PBXFileReference; lastKnownFileType = sourcecode.swift; path = User.swift; sourceTree = "<group>"; };
		1A9B34E91F96FB9000A8F54A /* StoryBoardExtension.swift */ = {isa = PBXFileReference; lastKnownFileType = sourcecode.swift; path = StoryBoardExtension.swift; sourceTree = "<group>"; };
		1A9B34EC1F97361200A8F54A /* BPUserViewModel.swift */ = {isa = PBXFileReference; lastKnownFileType = sourcecode.swift; path = BPUserViewModel.swift; sourceTree = "<group>"; };
		1A9B34F01F973F4400A8F54A /* UIViewControllerExtension.swift */ = {isa = PBXFileReference; lastKnownFileType = sourcecode.swift; path = UIViewControllerExtension.swift; sourceTree = "<group>"; };
		2BF90CFBBF77489F7F1A9970 /* Pods-BestPracticeUITests.debug.xcconfig */ = {isa = PBXFileReference; includeInIndex = 1; lastKnownFileType = text.xcconfig; name = "Pods-BestPracticeUITests.debug.xcconfig"; path = "Pods/Target Support Files/Pods-BestPracticeUITests/Pods-BestPracticeUITests.debug.xcconfig"; sourceTree = "<group>"; };
		5E074003ED33E6738E954381 /* Pods-BestPractice.debug.xcconfig */ = {isa = PBXFileReference; includeInIndex = 1; lastKnownFileType = text.xcconfig; name = "Pods-BestPractice.debug.xcconfig"; path = "Pods/Target Support Files/Pods-BestPractice/Pods-BestPractice.debug.xcconfig"; sourceTree = "<group>"; };
		5FFEFF69A71D81576075D325 /* Pods_BestPracticeTests.framework */ = {isa = PBXFileReference; explicitFileType = wrapper.framework; includeInIndex = 0; path = Pods_BestPracticeTests.framework; sourceTree = BUILT_PRODUCTS_DIR; };
		6E2B0CFF42935D58758F0390 /* Pods_BestPracticeUITests.framework */ = {isa = PBXFileReference; explicitFileType = wrapper.framework; includeInIndex = 0; path = Pods_BestPracticeUITests.framework; sourceTree = BUILT_PRODUCTS_DIR; };
		75DB24649A8BAC874B46FFCD /* Pods-BestPractice.release.xcconfig */ = {isa = PBXFileReference; includeInIndex = 1; lastKnownFileType = text.xcconfig; name = "Pods-BestPractice.release.xcconfig"; path = "Pods/Target Support Files/Pods-BestPractice/Pods-BestPractice.release.xcconfig"; sourceTree = "<group>"; };
		ABA7CBD384DB472F07EAC89A /* Pods_BestPractice.framework */ = {isa = PBXFileReference; explicitFileType = wrapper.framework; includeInIndex = 0; path = Pods_BestPractice.framework; sourceTree = BUILT_PRODUCTS_DIR; };
		C5F1BF26801031D3DC248840 /* Pods-BestPracticeUITests.release.xcconfig */ = {isa = PBXFileReference; includeInIndex = 1; lastKnownFileType = text.xcconfig; name = "Pods-BestPracticeUITests.release.xcconfig"; path = "Pods/Target Support Files/Pods-BestPracticeUITests/Pods-BestPracticeUITests.release.xcconfig"; sourceTree = "<group>"; };
		F2912099F4777B71AF15FEA7 /* Pods-BestPracticeTests.debug.xcconfig */ = {isa = PBXFileReference; includeInIndex = 1; lastKnownFileType = text.xcconfig; name = "Pods-BestPracticeTests.debug.xcconfig"; path = "Pods/Target Support Files/Pods-BestPracticeTests/Pods-BestPracticeTests.debug.xcconfig"; sourceTree = "<group>"; };
		FA0D46D6B5B1D1FFEFFD2A11 /* Pods-BestPracticeTests.release.xcconfig */ = {isa = PBXFileReference; includeInIndex = 1; lastKnownFileType = text.xcconfig; name = "Pods-BestPracticeTests.release.xcconfig"; path = "Pods/Target Support Files/Pods-BestPracticeTests/Pods-BestPracticeTests.release.xcconfig"; sourceTree = "<group>"; };
/* End PBXFileReference section */

/* Begin PBXFrameworksBuildPhase section */
		1A6D226A1F95F71F00691A5A /* Frameworks */ = {
			isa = PBXFrameworksBuildPhase;
			buildActionMask = 2147483647;
			files = (
				6F483E47C53F21D4A7ABAA2A /* Pods_BestPractice.framework in Frameworks */,
			);
			runOnlyForDeploymentPostprocessing = 0;
		};
		1A6D22801F95F71F00691A5A /* Frameworks */ = {
			isa = PBXFrameworksBuildPhase;
			buildActionMask = 2147483647;
			files = (
				28FB927B72BB2CDC80CD458C /* Pods_BestPracticeTests.framework in Frameworks */,
			);
			runOnlyForDeploymentPostprocessing = 0;
		};
		1A6D228B1F95F71F00691A5A /* Frameworks */ = {
			isa = PBXFrameworksBuildPhase;
			buildActionMask = 2147483647;
			files = (
				082250932A36467C73BA2D63 /* Pods_BestPracticeUITests.framework in Frameworks */,
			);
			runOnlyForDeploymentPostprocessing = 0;
		};
/* End PBXFrameworksBuildPhase section */

/* Begin PBXGroup section */
		1A6D22641F95F71F00691A5A = {
			isa = PBXGroup;
			children = (
				1A6D226F1F95F71F00691A5A /* BestPractice */,
				1A6D22861F95F71F00691A5A /* BestPracticeTests */,
				1A6D22911F95F71F00691A5A /* BestPracticeUITests */,
				1A6D226E1F95F71F00691A5A /* Products */,
				FBA7BBAEE28260AA2AB6371C /* Pods */,
				7EBF8722E455D29256D1986B /* Frameworks */,
			);
			sourceTree = "<group>";
		};
		1A6D226E1F95F71F00691A5A /* Products */ = {
			isa = PBXGroup;
			children = (
				1A6D226D1F95F71F00691A5A /* BestPractice.app */,
				1A6D22831F95F71F00691A5A /* BestPracticeTests.xctest */,
				1A6D228E1F95F71F00691A5A /* BestPracticeUITests.xctest */,
			);
			name = Products;
			sourceTree = "<group>";
		};
		1A6D226F1F95F71F00691A5A /* BestPractice */ = {
			isa = PBXGroup;
			children = (
				1A6D22A41F960FA400691A5A /* Model */,
				1A6D22A01F9609B200691A5A /* BPUser */,
				1A6D22701F95F71F00691A5A /* AppDelegate.swift */,
				1A6D22741F95F71F00691A5A /* SecondViewController.swift */,
				1A560D7D1F98854100331C5C /* R.generated.swift */,
				1A6D22761F95F71F00691A5A /* Main.storyboard */,
				1A6D22791F95F71F00691A5A /* Assets.xcassets */,
				1A6D227B1F95F71F00691A5A /* LaunchScreen.storyboard */,
				1A6D227E1F95F71F00691A5A /* Info.plist */,
				1A9B34EF1F973F2200A8F54A /* Extension */,
			);
			path = BestPractice;
			sourceTree = "<group>";
		};
		1A6D22861F95F71F00691A5A /* BestPracticeTests */ = {
			isa = PBXGroup;
			children = (
				1A6D22871F95F71F00691A5A /* BestPracticeTests.swift */,
				1A6D22891F95F71F00691A5A /* Info.plist */,
			);
			path = BestPracticeTests;
			sourceTree = "<group>";
		};
		1A6D22911F95F71F00691A5A /* BestPracticeUITests */ = {
			isa = PBXGroup;
			children = (
				1A6D22921F95F71F00691A5A /* BestPracticeUITests.swift */,
				1A6D22941F95F71F00691A5A /* Info.plist */,
			);
			path = BestPracticeUITests;
			sourceTree = "<group>";
		};
		1A6D22A01F9609B200691A5A /* BPUser */ = {
			isa = PBXGroup;
			children = (
				1A9B34EE1F97362100A8F54A /* ViewController */,
				1A9B34EB1F97345600A8F54A /* ViewModel */,
				1A6D22A11F9609CF00691A5A /* View */,
			);
			path = BPUser;
			sourceTree = "<group>";
		};
		1A6D22A11F9609CF00691A5A /* View */ = {
			isa = PBXGroup;
			children = (
				1A6D22A21F960A1A00691A5A /* BPUserTableViewCell.swift */,
			);
			path = View;
			sourceTree = "<group>";
		};
		1A6D22A41F960FA400691A5A /* Model */ = {
			isa = PBXGroup;
			children = (
				1A6D22A51F960FBE00691A5A /* User.swift */,
			);
			path = Model;
			sourceTree = "<group>";
		};
		1A9B34EB1F97345600A8F54A /* ViewModel */ = {
			isa = PBXGroup;
			children = (
				1A9B34EC1F97361200A8F54A /* BPUserViewModel.swift */,
			);
			path = ViewModel;
			sourceTree = "<group>";
		};
		1A9B34EE1F97362100A8F54A /* ViewController */ = {
			isa = PBXGroup;
			children = (
				1A6D22721F95F71F00691A5A /* BPUserViewController.swift */,
				1A560D7F1F988AA900331C5C /* BPUserDetailViewController.swift */,
			);
			path = ViewController;
			sourceTree = "<group>";
		};
		1A9B34EF1F973F2200A8F54A /* Extension */ = {
			isa = PBXGroup;
			children = (
				1A9B34E91F96FB9000A8F54A /* StoryBoardExtension.swift */,
				1A9B34F01F973F4400A8F54A /* UIViewControllerExtension.swift */,
			);
			path = Extension;
			sourceTree = "<group>";
		};
		7EBF8722E455D29256D1986B /* Frameworks */ = {
			isa = PBXGroup;
			children = (
				ABA7CBD384DB472F07EAC89A /* Pods_BestPractice.framework */,
				5FFEFF69A71D81576075D325 /* Pods_BestPracticeTests.framework */,
				6E2B0CFF42935D58758F0390 /* Pods_BestPracticeUITests.framework */,
			);
			name = Frameworks;
			sourceTree = "<group>";
		};
		FBA7BBAEE28260AA2AB6371C /* Pods */ = {
			isa = PBXGroup;
			children = (
				5E074003ED33E6738E954381 /* Pods-BestPractice.debug.xcconfig */,
				75DB24649A8BAC874B46FFCD /* Pods-BestPractice.release.xcconfig */,
				F2912099F4777B71AF15FEA7 /* Pods-BestPracticeTests.debug.xcconfig */,
				FA0D46D6B5B1D1FFEFFD2A11 /* Pods-BestPracticeTests.release.xcconfig */,
				2BF90CFBBF77489F7F1A9970 /* Pods-BestPracticeUITests.debug.xcconfig */,
				C5F1BF26801031D3DC248840 /* Pods-BestPracticeUITests.release.xcconfig */,
			);
			name = Pods;
			sourceTree = "<group>";
		};
/* End PBXGroup section */

/* Begin PBXNativeTarget section */
		1A6D226C1F95F71F00691A5A /* BestPractice */ = {
			isa = PBXNativeTarget;
			buildConfigurationList = 1A6D22971F95F71F00691A5A /* Build configuration list for PBXNativeTarget "BestPractice" */;
			buildPhases = (
				54728946DB708224906AFF51 /* [CP] Check Pods Manifest.lock */,
				1A6D22691F95F71F00691A5A /* Sources */,
				1A6D226A1F95F71F00691A5A /* Frameworks */,
				1A6D226B1F95F71F00691A5A /* Resources */,
				DBE40E2105CD832AAB341538 /* [CP] Embed Pods Frameworks */,
				46D5C672B627882539C99EFB /* [CP] Copy Pods Resources */,
				1A560D7C1F98850F00331C5C /* ShellScript */,
			);
			buildRules = (
			);
			dependencies = (
			);
			name = BestPractice;
			productName = BestPractice;
			productReference = 1A6D226D1F95F71F00691A5A /* BestPractice.app */;
			productType = "com.apple.product-type.application";
		};
		1A6D22821F95F71F00691A5A /* BestPracticeTests */ = {
			isa = PBXNativeTarget;
			buildConfigurationList = 1A6D229A1F95F71F00691A5A /* Build configuration list for PBXNativeTarget "BestPracticeTests" */;
			buildPhases = (
				95FD40FCCFB23AF6504A5B04 /* [CP] Check Pods Manifest.lock */,
				1A6D227F1F95F71F00691A5A /* Sources */,
				1A6D22801F95F71F00691A5A /* Frameworks */,
				1A6D22811F95F71F00691A5A /* Resources */,
				8517E1FA081B88E7A4026CA2 /* [CP] Embed Pods Frameworks */,
				E349156A9A925070D8A8B147 /* [CP] Copy Pods Resources */,
			);
			buildRules = (
			);
			dependencies = (
				1A6D22851F95F71F00691A5A /* PBXTargetDependency */,
			);
			name = BestPracticeTests;
			productName = BestPracticeTests;
			productReference = 1A6D22831F95F71F00691A5A /* BestPracticeTests.xctest */;
			productType = "com.apple.product-type.bundle.unit-test";
		};
		1A6D228D1F95F71F00691A5A /* BestPracticeUITests */ = {
			isa = PBXNativeTarget;
			buildConfigurationList = 1A6D229D1F95F71F00691A5A /* Build configuration list for PBXNativeTarget "BestPracticeUITests" */;
			buildPhases = (
				F3E7A3E4C8AAC9DBA2F5D20E /* [CP] Check Pods Manifest.lock */,
				1A6D228A1F95F71F00691A5A /* Sources */,
				1A6D228B1F95F71F00691A5A /* Frameworks */,
				1A6D228C1F95F71F00691A5A /* Resources */,
				F574E06CD46B201AD51A94D9 /* [CP] Embed Pods Frameworks */,
				A1E25AE67BF573BE2E71860B /* [CP] Copy Pods Resources */,
			);
			buildRules = (
			);
			dependencies = (
				1A6D22901F95F71F00691A5A /* PBXTargetDependency */,
			);
			name = BestPracticeUITests;
			productName = BestPracticeUITests;
			productReference = 1A6D228E1F95F71F00691A5A /* BestPracticeUITests.xctest */;
			productType = "com.apple.product-type.bundle.ui-testing";
		};
/* End PBXNativeTarget section */

/* Begin PBXProject section */
		1A6D22651F95F71F00691A5A /* Project object */ = {
			isa = PBXProject;
			attributes = {
				LastSwiftUpdateCheck = 0900;
				LastUpgradeCheck = 0900;
				ORGANIZATIONNAME = leihuang;
				TargetAttributes = {
					1A6D226C1F95F71F00691A5A = {
						CreatedOnToolsVersion = 9.0;
						ProvisioningStyle = Automatic;
					};
					1A6D22821F95F71F00691A5A = {
						CreatedOnToolsVersion = 9.0;
						ProvisioningStyle = Automatic;
						TestTargetID = 1A6D226C1F95F71F00691A5A;
					};
					1A6D228D1F95F71F00691A5A = {
						CreatedOnToolsVersion = 9.0;
						ProvisioningStyle = Automatic;
						TestTargetID = 1A6D226C1F95F71F00691A5A;
					};
				};
			};
			buildConfigurationList = 1A6D22681F95F71F00691A5A /* Build configuration list for PBXProject "BestPractice" */;
			compatibilityVersion = "Xcode 8.0";
			developmentRegion = en;
			hasScannedForEncodings = 0;
			knownRegions = (
				en,
				Base,
			);
			mainGroup = 1A6D22641F95F71F00691A5A;
			productRefGroup = 1A6D226E1F95F71F00691A5A /* Products */;
			projectDirPath = "";
			projectRoot = "";
			targets = (
				1A6D226C1F95F71F00691A5A /* BestPractice */,
				1A6D22821F95F71F00691A5A /* BestPracticeTests */,
				1A6D228D1F95F71F00691A5A /* BestPracticeUITests */,
			);
		};
/* End PBXProject section */

/* Begin PBXResourcesBuildPhase section */
		1A6D226B1F95F71F00691A5A /* Resources */ = {
			isa = PBXResourcesBuildPhase;
			buildActionMask = 2147483647;
			files = (
				1A6D227D1F95F71F00691A5A /* LaunchScreen.storyboard in Resources */,
				1A6D227A1F95F71F00691A5A /* Assets.xcassets in Resources */,
				1A6D22781F95F71F00691A5A /* Main.storyboard in Resources */,
			);
			runOnlyForDeploymentPostprocessing = 0;
		};
		1A6D22811F95F71F00691A5A /* Resources */ = {
			isa = PBXResourcesBuildPhase;
			buildActionMask = 2147483647;
			files = (
			);
			runOnlyForDeploymentPostprocessing = 0;
		};
		1A6D228C1F95F71F00691A5A /* Resources */ = {
			isa = PBXResourcesBuildPhase;
			buildActionMask = 2147483647;
			files = (
			);
			runOnlyForDeploymentPostprocessing = 0;
		};
/* End PBXResourcesBuildPhase section */

/* Begin PBXShellScriptBuildPhase section */
		1A560D7C1F98850F00331C5C /* ShellScript */ = {
			isa = PBXShellScriptBuildPhase;
			buildActionMask = 2147483647;
			files = (
			);
			inputPaths = (
			);
			outputPaths = (
			);
			runOnlyForDeploymentPostprocessing = 0;
			shellPath = /bin/sh;
			shellScript = "\"$PODS_ROOT/R.swift/rswift\" \"$SRCROOT\"";
		};
		46D5C672B627882539C99EFB /* [CP] Copy Pods Resources */ = {
			isa = PBXShellScriptBuildPhase;
			buildActionMask = 2147483647;
			files = (
			);
			inputPaths = (
			);
			name = "[CP] Copy Pods Resources";
			outputPaths = (
			);
			runOnlyForDeploymentPostprocessing = 0;
			shellPath = /bin/sh;
			shellScript = "\"${SRCROOT}/Pods/Target Support Files/Pods-BestPractice/Pods-BestPractice-resources.sh\"\n";
			showEnvVarsInLog = 0;
		};
		54728946DB708224906AFF51 /* [CP] Check Pods Manifest.lock */ = {
			isa = PBXShellScriptBuildPhase;
			buildActionMask = 2147483647;
			files = (
			);
			inputPaths = (
				"${PODS_PODFILE_DIR_PATH}/Podfile.lock",
				"${PODS_ROOT}/Manifest.lock",
			);
			name = "[CP] Check Pods Manifest.lock";
			outputPaths = (
				"$(DERIVED_FILE_DIR)/Pods-BestPractice-checkManifestLockResult.txt",
			);
			runOnlyForDeploymentPostprocessing = 0;
			shellPath = /bin/sh;
			shellScript = "diff \"${PODS_PODFILE_DIR_PATH}/Podfile.lock\" \"${PODS_ROOT}/Manifest.lock\" > /dev/null\nif [ $? != 0 ] ; then\n    # print error to STDERR\n    echo \"error: The sandbox is not in sync with the Podfile.lock. Run 'pod install' or update your CocoaPods installation.\" >&2\n    exit 1\nfi\n# This output is used by Xcode 'outputs' to avoid re-running this script phase.\necho \"SUCCESS\" > \"${SCRIPT_OUTPUT_FILE_0}\"\n";
			showEnvVarsInLog = 0;
		};
		8517E1FA081B88E7A4026CA2 /* [CP] Embed Pods Frameworks */ = {
			isa = PBXShellScriptBuildPhase;
			buildActionMask = 2147483647;
			files = (
			);
			inputPaths = (
				"${SRCROOT}/Pods/Target Support Files/Pods-BestPracticeTests/Pods-BestPracticeTests-frameworks.sh",
				"${BUILT_PRODUCTS_DIR}/Alamofire/Alamofire.framework",
				"${BUILT_PRODUCTS_DIR}/Kingfisher/Kingfisher.framework",
				"${BUILT_PRODUCTS_DIR}/PKHUD/PKHUD.framework",
				"${BUILT_PRODUCTS_DIR}/PromiseKit/PromiseKit.framework",
				"${BUILT_PRODUCTS_DIR}/R.swift.Library/Rswift.framework",
				"${BUILT_PRODUCTS_DIR}/SnapKit/SnapKit.framework",
				"${BUILT_PRODUCTS_DIR}/SwiftyJSON/SwiftyJSON.framework",
				"${BUILT_PRODUCTS_DIR}/Nimble/Nimble.framework",
				"${BUILT_PRODUCTS_DIR}/Quick/Quick.framework",
			);
			name = "[CP] Embed Pods Frameworks";
			outputPaths = (
				"${TARGET_BUILD_DIR}/${FRAMEWORKS_FOLDER_PATH}/Alamofire.framework",
				"${TARGET_BUILD_DIR}/${FRAMEWORKS_FOLDER_PATH}/Kingfisher.framework",
				"${TARGET_BUILD_DIR}/${FRAMEWORKS_FOLDER_PATH}/PKHUD.framework",
				"${TARGET_BUILD_DIR}/${FRAMEWORKS_FOLDER_PATH}/PromiseKit.framework",
				"${TARGET_BUILD_DIR}/${FRAMEWORKS_FOLDER_PATH}/Rswift.framework",
				"${TARGET_BUILD_DIR}/${FRAMEWORKS_FOLDER_PATH}/SnapKit.framework",
				"${TARGET_BUILD_DIR}/${FRAMEWORKS_FOLDER_PATH}/SwiftyJSON.framework",
				"${TARGET_BUILD_DIR}/${FRAMEWORKS_FOLDER_PATH}/Nimble.framework",
				"${TARGET_BUILD_DIR}/${FRAMEWORKS_FOLDER_PATH}/Quick.framework",
			);
			runOnlyForDeploymentPostprocessing = 0;
			shellPath = /bin/sh;
			shellScript = "\"${SRCROOT}/Pods/Target Support Files/Pods-BestPracticeTests/Pods-BestPracticeTests-frameworks.sh\"\n";
			showEnvVarsInLog = 0;
		};
		95FD40FCCFB23AF6504A5B04 /* [CP] Check Pods Manifest.lock */ = {
			isa = PBXShellScriptBuildPhase;
			buildActionMask = 2147483647;
			files = (
			);
			inputPaths = (
				"${PODS_PODFILE_DIR_PATH}/Podfile.lock",
				"${PODS_ROOT}/Manifest.lock",
			);
			name = "[CP] Check Pods Manifest.lock";
			outputPaths = (
				"$(DERIVED_FILE_DIR)/Pods-BestPracticeTests-checkManifestLockResult.txt",
			);
			runOnlyForDeploymentPostprocessing = 0;
			shellPath = /bin/sh;
			shellScript = "diff \"${PODS_PODFILE_DIR_PATH}/Podfile.lock\" \"${PODS_ROOT}/Manifest.lock\" > /dev/null\nif [ $? != 0 ] ; then\n    # print error to STDERR\n    echo \"error: The sandbox is not in sync with the Podfile.lock. Run 'pod install' or update your CocoaPods installation.\" >&2\n    exit 1\nfi\n# This output is used by Xcode 'outputs' to avoid re-running this script phase.\necho \"SUCCESS\" > \"${SCRIPT_OUTPUT_FILE_0}\"\n";
			showEnvVarsInLog = 0;
		};
		A1E25AE67BF573BE2E71860B /* [CP] Copy Pods Resources */ = {
			isa = PBXShellScriptBuildPhase;
			buildActionMask = 2147483647;
			files = (
			);
			inputPaths = (
			);
			name = "[CP] Copy Pods Resources";
			outputPaths = (
			);
			runOnlyForDeploymentPostprocessing = 0;
			shellPath = /bin/sh;
			shellScript = "\"${SRCROOT}/Pods/Target Support Files/Pods-BestPracticeUITests/Pods-BestPracticeUITests-resources.sh\"\n";
			showEnvVarsInLog = 0;
		};
		DBE40E2105CD832AAB341538 /* [CP] Embed Pods Frameworks */ = {
			isa = PBXShellScriptBuildPhase;
			buildActionMask = 2147483647;
			files = (
			);
			inputPaths = (
				"${SRCROOT}/Pods/Target Support Files/Pods-BestPractice/Pods-BestPractice-frameworks.sh",
				"${BUILT_PRODUCTS_DIR}/Alamofire/Alamofire.framework",
				"${BUILT_PRODUCTS_DIR}/Kingfisher/Kingfisher.framework",
				"${BUILT_PRODUCTS_DIR}/PKHUD/PKHUD.framework",
				"${BUILT_PRODUCTS_DIR}/PromiseKit/PromiseKit.framework",
				"${BUILT_PRODUCTS_DIR}/R.swift.Library/Rswift.framework",
				"${BUILT_PRODUCTS_DIR}/SnapKit/SnapKit.framework",
				"${BUILT_PRODUCTS_DIR}/SwiftyJSON/SwiftyJSON.framework",
			);
			name = "[CP] Embed Pods Frameworks";
			outputPaths = (
				"${TARGET_BUILD_DIR}/${FRAMEWORKS_FOLDER_PATH}/Alamofire.framework",
				"${TARGET_BUILD_DIR}/${FRAMEWORKS_FOLDER_PATH}/Kingfisher.framework",
				"${TARGET_BUILD_DIR}/${FRAMEWORKS_FOLDER_PATH}/PKHUD.framework",
				"${TARGET_BUILD_DIR}/${FRAMEWORKS_FOLDER_PATH}/PromiseKit.framework",
				"${TARGET_BUILD_DIR}/${FRAMEWORKS_FOLDER_PATH}/Rswift.framework",
				"${TARGET_BUILD_DIR}/${FRAMEWORKS_FOLDER_PATH}/SnapKit.framework",
				"${TARGET_BUILD_DIR}/${FRAMEWORKS_FOLDER_PATH}/SwiftyJSON.framework",
			);
			runOnlyForDeploymentPostprocessing = 0;
			shellPath = /bin/sh;
			shellScript = "\"${SRCROOT}/Pods/Target Support Files/Pods-BestPractice/Pods-BestPractice-frameworks.sh\"\n";
			showEnvVarsInLog = 0;
		};
		E349156A9A925070D8A8B147 /* [CP] Copy Pods Resources */ = {
			isa = PBXShellScriptBuildPhase;
			buildActionMask = 2147483647;
			files = (
			);
			inputPaths = (
			);
			name = "[CP] Copy Pods Resources";
			outputPaths = (
			);
			runOnlyForDeploymentPostprocessing = 0;
			shellPath = /bin/sh;
			shellScript = "\"${SRCROOT}/Pods/Target Support Files/Pods-BestPracticeTests/Pods-BestPracticeTests-resources.sh\"\n";
			showEnvVarsInLog = 0;
		};
		F3E7A3E4C8AAC9DBA2F5D20E /* [CP] Check Pods Manifest.lock */ = {
			isa = PBXShellScriptBuildPhase;
			buildActionMask = 2147483647;
			files = (
			);
			inputPaths = (
				"${PODS_PODFILE_DIR_PATH}/Podfile.lock",
				"${PODS_ROOT}/Manifest.lock",
			);
			name = "[CP] Check Pods Manifest.lock";
			outputPaths = (
				"$(DERIVED_FILE_DIR)/Pods-BestPracticeUITests-checkManifestLockResult.txt",
			);
			runOnlyForDeploymentPostprocessing = 0;
			shellPath = /bin/sh;
			shellScript = "diff \"${PODS_PODFILE_DIR_PATH}/Podfile.lock\" \"${PODS_ROOT}/Manifest.lock\" > /dev/null\nif [ $? != 0 ] ; then\n    # print error to STDERR\n    echo \"error: The sandbox is not in sync with the Podfile.lock. Run 'pod install' or update your CocoaPods installation.\" >&2\n    exit 1\nfi\n# This output is used by Xcode 'outputs' to avoid re-running this script phase.\necho \"SUCCESS\" > \"${SCRIPT_OUTPUT_FILE_0}\"\n";
			showEnvVarsInLog = 0;
		};
		F574E06CD46B201AD51A94D9 /* [CP] Embed Pods Frameworks */ = {
			isa = PBXShellScriptBuildPhase;
			buildActionMask = 2147483647;
			files = (
			);
			inputPaths = (
			);
			name = "[CP] Embed Pods Frameworks";
			outputPaths = (
			);
			runOnlyForDeploymentPostprocessing = 0;
			shellPath = /bin/sh;
			shellScript = "\"${SRCROOT}/Pods/Target Support Files/Pods-BestPracticeUITests/Pods-BestPracticeUITests-frameworks.sh\"\n";
			showEnvVarsInLog = 0;
		};
/* End PBXShellScriptBuildPhase section */

/* Begin PBXSourcesBuildPhase section */
		1A6D22691F95F71F00691A5A /* Sources */ = {
			isa = PBXSourcesBuildPhase;
			buildActionMask = 2147483647;
			files = (
				1A6D22A31F960A1A00691A5A /* BPUserTableViewCell.swift in Sources */,
				1A9B34ED1F97361200A8F54A /* BPUserViewModel.swift in Sources */,
				1A560D7E1F98854100331C5C /* R.generated.swift in Sources */,
				1A6D22751F95F71F00691A5A /* SecondViewController.swift in Sources */,
				1A560D801F988AA900331C5C /* BPUserDetailViewController.swift in Sources */,
				1A9B34EA1F96FB9000A8F54A /* StoryBoardExtension.swift in Sources */,
				1A9B34F11F973F4400A8F54A /* UIViewControllerExtension.swift in Sources */,
				1A6D22711F95F71F00691A5A /* AppDelegate.swift in Sources */,
				1A6D22A61F960FBE00691A5A /* User.swift in Sources */,
				1A6D22731F95F71F00691A5A /* BPUserViewController.swift in Sources */,
			);
			runOnlyForDeploymentPostprocessing = 0;
		};
		1A6D227F1F95F71F00691A5A /* Sources */ = {
			isa = PBXSourcesBuildPhase;
			buildActionMask = 2147483647;
			files = (
				1A6D22881F95F71F00691A5A /* BestPracticeTests.swift in Sources */,
			);
			runOnlyForDeploymentPostprocessing = 0;
		};
		1A6D228A1F95F71F00691A5A /* Sources */ = {
			isa = PBXSourcesBuildPhase;
			buildActionMask = 2147483647;
			files = (
				1A6D22931F95F71F00691A5A /* BestPracticeUITests.swift in Sources */,
			);
			runOnlyForDeploymentPostprocessing = 0;
		};
/* End PBXSourcesBuildPhase section */

/* Begin PBXTargetDependency section */
		1A6D22851F95F71F00691A5A /* PBXTargetDependency */ = {
			isa = PBXTargetDependency;
			target = 1A6D226C1F95F71F00691A5A /* BestPractice */;
			targetProxy = 1A6D22841F95F71F00691A5A /* PBXContainerItemProxy */;
		};
		1A6D22901F95F71F00691A5A /* PBXTargetDependency */ = {
			isa = PBXTargetDependency;
			target = 1A6D226C1F95F71F00691A5A /* BestPractice */;
			targetProxy = 1A6D228F1F95F71F00691A5A /* PBXContainerItemProxy */;
		};
/* End PBXTargetDependency section */

/* Begin PBXVariantGroup section */
		1A6D22761F95F71F00691A5A /* Main.storyboard */ = {
			isa = PBXVariantGroup;
			children = (
				1A6D22771F95F71F00691A5A /* Base */,
			);
			name = Main.storyboard;
			sourceTree = "<group>";
		};
		1A6D227B1F95F71F00691A5A /* LaunchScreen.storyboard */ = {
			isa = PBXVariantGroup;
			children = (
				1A6D227C1F95F71F00691A5A /* Base */,
			);
			name = LaunchScreen.storyboard;
			sourceTree = "<group>";
		};
/* End PBXVariantGroup section */

/* Begin XCBuildConfiguration section */
		1A6D22951F95F71F00691A5A /* Debug */ = {
			isa = XCBuildConfiguration;
			buildSettings = {
				ALWAYS_SEARCH_USER_PATHS = NO;
				CLANG_ANALYZER_NONNULL = YES;
				CLANG_ANALYZER_NUMBER_OBJECT_CONVERSION = YES_AGGRESSIVE;
				CLANG_CXX_LANGUAGE_STANDARD = "gnu++14";
				CLANG_CXX_LIBRARY = "libc++";
				CLANG_ENABLE_MODULES = YES;
				CLANG_ENABLE_OBJC_ARC = YES;
				CLANG_WARN_BLOCK_CAPTURE_AUTORELEASING = YES;
				CLANG_WARN_BOOL_CONVERSION = YES;
				CLANG_WARN_COMMA = YES;
				CLANG_WARN_CONSTANT_CONVERSION = YES;
				CLANG_WARN_DIRECT_OBJC_ISA_USAGE = YES_ERROR;
				CLANG_WARN_DOCUMENTATION_COMMENTS = YES;
				CLANG_WARN_EMPTY_BODY = YES;
				CLANG_WARN_ENUM_CONVERSION = YES;
				CLANG_WARN_INFINITE_RECURSION = YES;
				CLANG_WARN_INT_CONVERSION = YES;
				CLANG_WARN_NON_LITERAL_NULL_CONVERSION = YES;
				CLANG_WARN_OBJC_LITERAL_CONVERSION = YES;
				CLANG_WARN_OBJC_ROOT_CLASS = YES_ERROR;
				CLANG_WARN_RANGE_LOOP_ANALYSIS = YES;
				CLANG_WARN_STRICT_PROTOTYPES = YES;
				CLANG_WARN_SUSPICIOUS_MOVE = YES;
				CLANG_WARN_UNGUARDED_AVAILABILITY = YES_AGGRESSIVE;
				CLANG_WARN_UNREACHABLE_CODE = YES;
				CLANG_WARN__DUPLICATE_METHOD_MATCH = YES;
				CODE_SIGN_IDENTITY = "iPhone Developer";
				COPY_PHASE_STRIP = NO;
				DEBUG_INFORMATION_FORMAT = dwarf;
				ENABLE_STRICT_OBJC_MSGSEND = YES;
				ENABLE_TESTABILITY = YES;
				GCC_C_LANGUAGE_STANDARD = gnu11;
				GCC_DYNAMIC_NO_PIC = NO;
				GCC_NO_COMMON_BLOCKS = YES;
				GCC_OPTIMIZATION_LEVEL = 0;
				GCC_PREPROCESSOR_DEFINITIONS = (
					"DEBUG=1",
					"$(inherited)",
				);
				GCC_WARN_64_TO_32_BIT_CONVERSION = YES;
				GCC_WARN_ABOUT_RETURN_TYPE = YES_ERROR;
				GCC_WARN_UNDECLARED_SELECTOR = YES;
				GCC_WARN_UNINITIALIZED_AUTOS = YES_AGGRESSIVE;
				GCC_WARN_UNUSED_FUNCTION = YES;
				GCC_WARN_UNUSED_VARIABLE = YES;
				IPHONEOS_DEPLOYMENT_TARGET = 11.0;
				MTL_ENABLE_DEBUG_INFO = YES;
				ONLY_ACTIVE_ARCH = YES;
				SDKROOT = iphoneos;
				SWIFT_ACTIVE_COMPILATION_CONDITIONS = DEBUG;
				SWIFT_OPTIMIZATION_LEVEL = "-Onone";
			};
			name = Debug;
		};
		1A6D22961F95F71F00691A5A /* Release */ = {
			isa = XCBuildConfiguration;
			buildSettings = {
				ALWAYS_SEARCH_USER_PATHS = NO;
				CLANG_ANALYZER_NONNULL = YES;
				CLANG_ANALYZER_NUMBER_OBJECT_CONVERSION = YES_AGGRESSIVE;
				CLANG_CXX_LANGUAGE_STANDARD = "gnu++14";
				CLANG_CXX_LIBRARY = "libc++";
				CLANG_ENABLE_MODULES = YES;
				CLANG_ENABLE_OBJC_ARC = YES;
				CLANG_WARN_BLOCK_CAPTURE_AUTORELEASING = YES;
				CLANG_WARN_BOOL_CONVERSION = YES;
				CLANG_WARN_COMMA = YES;
				CLANG_WARN_CONSTANT_CONVERSION = YES;
				CLANG_WARN_DIRECT_OBJC_ISA_USAGE = YES_ERROR;
				CLANG_WARN_DOCUMENTATION_COMMENTS = YES;
				CLANG_WARN_EMPTY_BODY = YES;
				CLANG_WARN_ENUM_CONVERSION = YES;
				CLANG_WARN_INFINITE_RECURSION = YES;
				CLANG_WARN_INT_CONVERSION = YES;
				CLANG_WARN_NON_LITERAL_NULL_CONVERSION = YES;
				CLANG_WARN_OBJC_LITERAL_CONVERSION = YES;
				CLANG_WARN_OBJC_ROOT_CLASS = YES_ERROR;
				CLANG_WARN_RANGE_LOOP_ANALYSIS = YES;
				CLANG_WARN_STRICT_PROTOTYPES = YES;
				CLANG_WARN_SUSPICIOUS_MOVE = YES;
				CLANG_WARN_UNGUARDED_AVAILABILITY = YES_AGGRESSIVE;
				CLANG_WARN_UNREACHABLE_CODE = YES;
				CLANG_WARN__DUPLICATE_METHOD_MATCH = YES;
				CODE_SIGN_IDENTITY = "iPhone Developer";
				COPY_PHASE_STRIP = NO;
				DEBUG_INFORMATION_FORMAT = "dwarf-with-dsym";
				ENABLE_NS_ASSERTIONS = NO;
				ENABLE_STRICT_OBJC_MSGSEND = YES;
				GCC_C_LANGUAGE_STANDARD = gnu11;
				GCC_NO_COMMON_BLOCKS = YES;
				GCC_WARN_64_TO_32_BIT_CONVERSION = YES;
				GCC_WARN_ABOUT_RETURN_TYPE = YES_ERROR;
				GCC_WARN_UNDECLARED_SELECTOR = YES;
				GCC_WARN_UNINITIALIZED_AUTOS = YES_AGGRESSIVE;
				GCC_WARN_UNUSED_FUNCTION = YES;
				GCC_WARN_UNUSED_VARIABLE = YES;
				IPHONEOS_DEPLOYMENT_TARGET = 11.0;
				MTL_ENABLE_DEBUG_INFO = NO;
				SDKROOT = iphoneos;
				SWIFT_OPTIMIZATION_LEVEL = "-Owholemodule";
				VALIDATE_PRODUCT = YES;
			};
			name = Release;
		};
		1A6D22981F95F71F00691A5A /* Debug */ = {
			isa = XCBuildConfiguration;
			baseConfigurationReference = 5E074003ED33E6738E954381 /* Pods-BestPractice.debug.xcconfig */;
			buildSettings = {
				ASSETCATALOG_COMPILER_APPICON_NAME = AppIcon;
				CODE_SIGN_STYLE = Automatic;
				DEVELOPMENT_TEAM = E4L335HQN6;
				INFOPLIST_FILE = BestPractice/Info.plist;
				LD_RUNPATH_SEARCH_PATHS = "$(inherited) @executable_path/Frameworks";
				PRODUCT_BUNDLE_IDENTIFIER = com.leihuang.BestPractice;
				PRODUCT_NAME = "$(TARGET_NAME)";
				SWIFT_VERSION = 4.0;
				TARGETED_DEVICE_FAMILY = "1,2";
			};
			name = Debug;
		};
		1A6D22991F95F71F00691A5A /* Release */ = {
			isa = XCBuildConfiguration;
			baseConfigurationReference = 75DB24649A8BAC874B46FFCD /* Pods-BestPractice.release.xcconfig */;
			buildSettings = {
				ASSETCATALOG_COMPILER_APPICON_NAME = AppIcon;
				CODE_SIGN_STYLE = Automatic;
				DEVELOPMENT_TEAM = E4L335HQN6;
				INFOPLIST_FILE = BestPractice/Info.plist;
				LD_RUNPATH_SEARCH_PATHS = "$(inherited) @executable_path/Frameworks";
				PRODUCT_BUNDLE_IDENTIFIER = com.leihuang.BestPractice;
				PRODUCT_NAME = "$(TARGET_NAME)";
				SWIFT_VERSION = 4.0;
				TARGETED_DEVICE_FAMILY = "1,2";
			};
			name = Release;
		};
		1A6D229B1F95F71F00691A5A /* Debug */ = {
			isa = XCBuildConfiguration;
			baseConfigurationReference = F2912099F4777B71AF15FEA7 /* Pods-BestPracticeTests.debug.xcconfig */;
			buildSettings = {
				BUNDLE_LOADER = "$(TEST_HOST)";
				CODE_SIGN_STYLE = Automatic;
				INFOPLIST_FILE = BestPracticeTests/Info.plist;
				LD_RUNPATH_SEARCH_PATHS = "$(inherited) @executable_path/Frameworks @loader_path/Frameworks";
				PRODUCT_BUNDLE_IDENTIFIER = com.leihuang.BestPracticeTests;
				PRODUCT_NAME = "$(TARGET_NAME)";
				SWIFT_VERSION = 4.0;
				TARGETED_DEVICE_FAMILY = "1,2";
				TEST_HOST = "$(BUILT_PRODUCTS_DIR)/BestPractice.app/BestPractice";
			};
			name = Debug;
		};
		1A6D229C1F95F71F00691A5A /* Release */ = {
			isa = XCBuildConfiguration;
			baseConfigurationReference = FA0D46D6B5B1D1FFEFFD2A11 /* Pods-BestPracticeTests.release.xcconfig */;
			buildSettings = {
				BUNDLE_LOADER = "$(TEST_HOST)";
				CODE_SIGN_STYLE = Automatic;
				INFOPLIST_FILE = BestPracticeTests/Info.plist;
				LD_RUNPATH_SEARCH_PATHS = "$(inherited) @executable_path/Frameworks @loader_path/Frameworks";
				PRODUCT_BUNDLE_IDENTIFIER = com.leihuang.BestPracticeTests;
				PRODUCT_NAME = "$(TARGET_NAME)";
				SWIFT_VERSION = 4.0;
				TARGETED_DEVICE_FAMILY = "1,2";
				TEST_HOST = "$(BUILT_PRODUCTS_DIR)/BestPractice.app/BestPractice";
			};
			name = Release;
		};
		1A6D229E1F95F71F00691A5A /* Debug */ = {
			isa = XCBuildConfiguration;
			baseConfigurationReference = 2BF90CFBBF77489F7F1A9970 /* Pods-BestPracticeUITests.debug.xcconfig */;
			buildSettings = {
				CODE_SIGN_STYLE = Automatic;
				INFOPLIST_FILE = BestPracticeUITests/Info.plist;
				LD_RUNPATH_SEARCH_PATHS = "$(inherited) @executable_path/Frameworks @loader_path/Frameworks";
				PRODUCT_BUNDLE_IDENTIFIER = com.leihuang.BestPracticeUITests;
				PRODUCT_NAME = "$(TARGET_NAME)";
				SWIFT_VERSION = 4.0;
				TARGETED_DEVICE_FAMILY = "1,2";
				TEST_TARGET_NAME = BestPractice;
			};
			name = Debug;
		};
		1A6D229F1F95F71F00691A5A /* Release */ = {
			isa = XCBuildConfiguration;
			baseConfigurationReference = C5F1BF26801031D3DC248840 /* Pods-BestPracticeUITests.release.xcconfig */;
			buildSettings = {
				CODE_SIGN_STYLE = Automatic;
				INFOPLIST_FILE = BestPracticeUITests/Info.plist;
				LD_RUNPATH_SEARCH_PATHS = "$(inherited) @executable_path/Frameworks @loader_path/Frameworks";
				PRODUCT_BUNDLE_IDENTIFIER = com.leihuang.BestPracticeUITests;
				PRODUCT_NAME = "$(TARGET_NAME)";
				SWIFT_VERSION = 4.0;
				TARGETED_DEVICE_FAMILY = "1,2";
				TEST_TARGET_NAME = BestPractice;
			};
			name = Release;
		};
/* End XCBuildConfiguration section */

/* Begin XCConfigurationList section */
		1A6D22681F95F71F00691A5A /* Build configuration list for PBXProject "BestPractice" */ = {
			isa = XCConfigurationList;
			buildConfigurations = (
				1A6D22951F95F71F00691A5A /* Debug */,
				1A6D22961F95F71F00691A5A /* Release */,
			);
			defaultConfigurationIsVisible = 0;
			defaultConfigurationName = Release;
		};
		1A6D22971F95F71F00691A5A /* Build configuration list for PBXNativeTarget "BestPractice" */ = {
			isa = XCConfigurationList;
			buildConfigurations = (
				1A6D22981F95F71F00691A5A /* Debug */,
				1A6D22991F95F71F00691A5A /* Release */,
			);
			defaultConfigurationIsVisible = 0;
			defaultConfigurationName = Release;
		};
		1A6D229A1F95F71F00691A5A /* Build configuration list for PBXNativeTarget "BestPracticeTests" */ = {
			isa = XCConfigurationList;
			buildConfigurations = (
				1A6D229B1F95F71F00691A5A /* Debug */,
				1A6D229C1F95F71F00691A5A /* Release */,
			);
			defaultConfigurationIsVisible = 0;
			defaultConfigurationName = Release;
		};
		1A6D229D1F95F71F00691A5A /* Build configuration list for PBXNativeTarget "BestPracticeUITests" */ = {
			isa = XCConfigurationList;
			buildConfigurations = (
				1A6D229E1F95F71F00691A5A /* Debug */,
				1A6D229F1F95F71F00691A5A /* Release */,
			);
			defaultConfigurationIsVisible = 0;
			defaultConfigurationName = Release;
		};
/* End XCConfigurationList section */
	};
	rootObject = 1A6D22651F95F71F00691A5A /* Project object */;
}
